
Microsoft Visual Studio Solution File, Format Version 12.00
# Visual Studio Version 16
VisualStudioVersion = 16.0.29926.136
MinimumVisualStudioVersion = 10.0.40219.1
Project("{FAE04EC0-301F-11D3-BF4B-00C04F79EFBC}") = "WebApplication2", "WebApplication2.csproj", "{01D0C5A4-82BB-41FB-BEB2-F97E52B3FED3}"
EndProject
Global
	GlobalSection(SolutionConfigurationPlatforms) = preSolution
		Debug|Any CPU = Debug|Any CPU
		Release|Any CPU = Release|Any CPU
	EndGlobalSection
	GlobalSection(ProjectConfigurationPlatforms) = postSolution
		{01D0C5A4-82BB-41FB-BEB2-F97E52B3FED3}.Debug|Any CPU.ActiveCfg = Debug|Any CPU
		{01D0C5A4-82BB-41FB-BEB2-F97E52B3FED3}.Debug|Any CPU.Build.0 = Debug|Any CPU
		{01D0C5A4-82BB-41FB-BEB2-F97E52B3FED3}.Release|Any CPU.ActiveCfg = Release|Any CPU
		{01D0C5A4-82BB-41FB-BEB2-F97E52B3FED3}.Release|Any CPU.Build.0 = Release|Any CPU
	EndGlobalSection
	GlobalSection(SolutionProperties) = preSolution
		HideSolutionNode = FALSE
	EndGlobalSection
	GlobalSection(ExtensibilityGlobals) = postSolution
		SolutionGuid = {516F98B3-5BDA-4F24-B372-5F25325F2E88}
	EndGlobalSection
EndGlobal
